
Microsoft Visual Studio Solution File, Format Version 12.00
# Visual Studio Version 17
VisualStudioVersion = 17.8.34511.84
MinimumVisualStudioVersion = 10.0.40219.1
Project("{FAE04EC0-301F-11D3-BF4B-00C04F79EFBC}") = "mtMediator", "mtMediator\mtMediator.csproj", "{21C5FB7C-A47E-4D2E-856B-D1987FFEB8AB}"
EndProject
Global
	GlobalSection(SolutionConfigurationPlatforms) = preSolution
		Debug|Any CPU = Debug|Any CPU
		Release|Any CPU = Release|Any CPU
	EndGlobalSection
	GlobalSection(ProjectConfigurationPlatforms) = postSolution
		{21C5FB7C-A47E-4D2E-856B-D1987FFEB8AB}.Debug|Any CPU.ActiveCfg = Debug|Any CPU
		{21C5FB7C-A47E-4D2E-856B-D1987FFEB8AB}.Debug|Any CPU.Build.0 = Debug|Any CPU
		{21C5FB7C-A47E-4D2E-856B-D1987FFEB8AB}.Release|Any CPU.ActiveCfg = Release|Any CPU
		{21C5FB7C-A47E-4D2E-856B-D1987FFEB8AB}.Release|Any CPU.Build.0 = Release|Any CPU
	EndGlobalSection
	GlobalSection(SolutionProperties) = preSolution
		HideSolutionNode = FALSE
	EndGlobalSection
	GlobalSection(ExtensibilityGlobals) = postSolution
		SolutionGuid = {962FF3CB-5B1A-4E9A-85E4-CBDADF20B93E}
	EndGlobalSection
EndGlobal
